
Microsoft Visual Studio Solution File, Format Version 12.00
# Visual Studio Version 17
VisualStudioVersion = 17.0.31903.59
MinimumVisualStudioVersion = 10.0.40219.1
Project("{2150E333-8FDC-42A3-9474-1A3956D46DE8}") = "src", "src", "{827E0CD3-B72D-47B6-A68D-7590B98EB39B}"
EndProject
Project("{FAE04EC0-301F-11D3-BF4B-00C04F79EFBC}") = "CodexiumMagnus", "src\CodexiumMagnus\CodexiumMagnus.csproj", "{72C8F0D0-177F-4D41-8DF0-C8E548AC45E9}"
EndProject
Project("{FAE04EC0-301F-11D3-BF4B-00C04F79EFBC}") = "CodexiumMagnus.Core", "src\CodexiumMagnus.Core\CodexiumMagnus.Core.csproj", "{5887CC8E-AE9C-47F3-8034-74E0F8645D6E}"
EndProject
Project("{2150E333-8FDC-42A3-9474-1A3956D46DE8}") = "tests", "tests", "{0AB3BF05-4346-4AA6-1389-037BE0695223}"
EndProject
Project("{FAE04EC0-301F-11D3-BF4B-00C04F79EFBC}") = "CodexiumMagnus.Core.Tests", "tests\CodexiumMagnus.Core.Tests\CodexiumMagnus.Core.Tests.csproj", "{B5F74B57-0239-42AD-8914-F111D8E137ED}"
EndProject
Project("{FAE04EC0-301F-11D3-BF4B-00C04F79EFBC}") = "CodexiumMagnus.Storage", "src\CodexiumMagnus.Storage\CodexiumMagnus.Storage.csproj", "{93434423-3A03-45B0-A123-4FDF77870F02}"
EndProject
Project("{FAE04EC0-301F-11D3-BF4B-00C04F79EFBC}") = "CodexiumMagnus.Storage.Tests", "tests\CodexiumMagnus.Storage.Tests\CodexiumMagnus.Storage.Tests.csproj", "{EC8A3466-552F-4692-894E-D5865DE2C953}"
EndProject
Global
	GlobalSection(SolutionConfigurationPlatforms) = preSolution
		Debug|Any CPU = Debug|Any CPU
		Debug|x64 = Debug|x64
		Debug|x86 = Debug|x86
		Release|Any CPU = Release|Any CPU
		Release|x64 = Release|x64
		Release|x86 = Release|x86
	EndGlobalSection
	GlobalSection(ProjectConfigurationPlatforms) = postSolution
		{72C8F0D0-177F-4D41-8DF0-C8E548AC45E9}.Debug|Any CPU.ActiveCfg = Debug|Any CPU
		{72C8F0D0-177F-4D41-8DF0-C8E548AC45E9}.Debug|Any CPU.Build.0 = Debug|Any CPU
		{72C8F0D0-177F-4D41-8DF0-C8E548AC45E9}.Debug|x64.ActiveCfg = Debug|Any CPU
		{72C8F0D0-177F-4D41-8DF0-C8E548AC45E9}.Debug|x64.Build.0 = Debug|Any CPU
		{72C8F0D0-177F-4D41-8DF0-C8E548AC45E9}.Debug|x86.ActiveCfg = Debug|Any CPU
		{72C8F0D0-177F-4D41-8DF0-C8E548AC45E9}.Debug|x86.Build.0 = Debug|Any CPU
		{72C8F0D0-177F-4D41-8DF0-C8E548AC45E9}.Release|Any CPU.ActiveCfg = Release|Any CPU
		{72C8F0D0-177F-4D41-8DF0-C8E548AC45E9}.Release|Any CPU.Build.0 = Release|Any CPU
		{72C8F0D0-177F-4D41-8DF0-C8E548AC45E9}.Release|x64.ActiveCfg = Release|Any CPU
		{72C8F0D0-177F-4D41-8DF0-C8E548AC45E9}.Release|x64.Build.0 = Release|Any CPU
		{72C8F0D0-177F-4D41-8DF0-C8E548AC45E9}.Release|x86.ActiveCfg = Release|Any CPU
		{72C8F0D0-177F-4D41-8DF0-C8E548AC45E9}.Release|x86.Build.0 = Release|Any CPU
		{5887CC8E-AE9C-47F3-8034-74E0F8645D6E}.Debug|Any CPU.ActiveCfg = Debug|Any CPU
		{5887CC8E-AE9C-47F3-8034-74E0F8645D6E}.Debug|Any CPU.Build.0 = Debug|Any CPU
		{5887CC8E-AE9C-47F3-8034-74E0F8645D6E}.Debug|x64.ActiveCfg = Debug|Any CPU
		{5887CC8E-AE9C-47F3-8034-74E0F8645D6E}.Debug|x64.Build.0 = Debug|Any CPU
		{5887CC8E-AE9C-47F3-8034-74E0F8645D6E}.Debug|x86.ActiveCfg = Debug|Any CPU
		{5887CC8E-AE9C-47F3-8034-74E0F8645D6E}.Debug|x86.Build.0 = Debug|Any CPU
		{5887CC8E-AE9C-47F3-8034-74E0F8645D6E}.Release|Any CPU.ActiveCfg = Release|Any CPU
		{5887CC8E-AE9C-47F3-8034-74E0F8645D6E}.Release|Any CPU.Build.0 = Release|Any CPU
		{5887CC8E-AE9C-47F3-8034-74E0F8645D6E}.Release|x64.ActiveCfg = Release|Any CPU
		{5887CC8E-AE9C-47F3-8034-74E0F8645D6E}.Release|x64.Build.0 = Release|Any CPU
		{5887CC8E-AE9C-47F3-8034-74E0F8645D6E}.Release|x86.ActiveCfg = Release|Any CPU
		{5887CC8E-AE9C-47F3-8034-74E0F8645D6E}.Release|x86.Build.0 = Release|Any CPU
		{B5F74B57-0239-42AD-8914-F111D8E137ED}.Debug|Any CPU.ActiveCfg = Debug|Any CPU
		{B5F74B57-0239-42AD-8914-F111D8E137ED}.Debug|Any CPU.Build.0 = Debug|Any CPU
		{B5F74B57-0239-42AD-8914-F111D8E137ED}.Debug|x64.ActiveCfg = Debug|Any CPU
		{B5F74B57-0239-42AD-8914-F111D8E137ED}.Debug|x64.Build.0 = Debug|Any CPU
		{B5F74B57-0239-42AD-8914-F111D8E137ED}.Debug|x86.ActiveCfg = Debug|Any CPU
		{B5F74B57-0239-42AD-8914-F111D8E137ED}.Debug|x86.Build.0 = Debug|Any CPU
		{B5F74B57-0239-42AD-8914-F111D8E137ED}.Release|Any CPU.ActiveCfg = Release|Any CPU
		{B5F74B57-0239-42AD-8914-F111D8E137ED}.Release|Any CPU.Build.0 = Release|Any CPU
		{B5F74B57-0239-42AD-8914-F111D8E137ED}.Release|x64.ActiveCfg = Release|Any CPU
		{B5F74B57-0239-42AD-8914-F111D8E137ED}.Release|x64.Build.0 = Release|Any CPU
		{B5F74B57-0239-42AD-8914-F111D8E137ED}.Release|x86.ActiveCfg = Release|Any CPU
		{B5F74B57-0239-42AD-8914-F111D8E137ED}.Release|x86.Build.0 = Release|Any CPU
		{93434423-3A03-45B0-A123-4FDF77870F02}.Debug|Any CPU.ActiveCfg = Debug|Any CPU
		{93434423-3A03-45B0-A123-4FDF77870F02}.Debug|Any CPU.Build.0 = Debug|Any CPU
		{93434423-3A03-45B0-A123-4FDF77870F02}.Debug|x64.ActiveCfg = Debug|Any CPU
		{93434423-3A03-45B0-A123-4FDF77870F02}.Debug|x64.Build.0 = Debug|Any CPU
		{93434423-3A03-45B0-A123-4FDF77870F02}.Debug|x86.ActiveCfg = Debug|Any CPU
		{93434423-3A03-45B0-A123-4FDF77870F02}.Debug|x86.Build.0 = Debug|Any CPU
		{93434423-3A03-45B0-A123-4FDF77870F02}.Release|Any CPU.ActiveCfg = Release|Any CPU
		{93434423-3A03-45B0-A123-4FDF77870F02}.Release|Any CPU.Build.0 = Release|Any CPU
		{93434423-3A03-45B0-A123-4FDF77870F02}.Release|x64.ActiveCfg = Release|Any CPU
		{93434423-3A03-45B0-A123-4FDF77870F02}.Release|x64.Build.0 = Release|Any CPU
		{93434423-3A03-45B0-A123-4FDF77870F02}.Release|x86.ActiveCfg = Release|Any CPU
		{93434423-3A03-45B0-A123-4FDF77870F02}.Release|x86.Build.0 = Release|Any CPU
		{EC8A3466-552F-4692-894E-D5865DE2C953}.Debug|Any CPU.ActiveCfg = Debug|Any CPU
		{EC8A3466-552F-4692-894E-D5865DE2C953}.Debug|Any CPU.Build.0 = Debug|Any CPU
		{EC8A3466-552F-4692-894E-D5865DE2C953}.Debug|x64.ActiveCfg = Debug|Any CPU
		{EC8A3466-552F-4692-894E-D5865DE2C953}.Debug|x64.Build.0 = Debug|Any CPU
		{EC8A3466-552F-4692-894E-D5865DE2C953}.Debug|x86.ActiveCfg = Debug|Any CPU
		{EC8A3466-552F-4692-894E-D5865DE2C953}.Debug|x86.Build.0 = Debug|Any CPU
		{EC8A3466-552F-4692-894E-D5865DE2C953}.Release|Any CPU.ActiveCfg = Release|Any CPU
		{EC8A3466-552F-4692-894E-D5865DE2C953}.Release|Any CPU.Build.0 = Release|Any CPU
		{EC8A3466-552F-4692-894E-D5865DE2C953}.Release|x64.ActiveCfg = Release|Any CPU
		{EC8A3466-552F-4692-894E-D5865DE2C953}.Release|x64.Build.0 = Release|Any CPU
		{EC8A3466-552F-4692-894E-D5865DE2C953}.Release|x86.ActiveCfg = Release|Any CPU
		{EC8A3466-552F-4692-894E-D5865DE2C953}.Release|x86.Build.0 = Release|Any CPU
	EndGlobalSection
	GlobalSection(SolutionProperties) = preSolution
		HideSolutionNode = FALSE
	EndGlobalSection
	GlobalSection(NestedProjects) = preSolution
		{72C8F0D0-177F-4D41-8DF0-C8E548AC45E9} = {827E0CD3-B72D-47B6-A68D-7590B98EB39B}
		{5887CC8E-AE9C-47F3-8034-74E0F8645D6E} = {827E0CD3-B72D-47B6-A68D-7590B98EB39B}
		{B5F74B57-0239-42AD-8914-F111D8E137ED} = {0AB3BF05-4346-4AA6-1389-037BE0695223}
		{93434423-3A03-45B0-A123-4FDF77870F02} = {827E0CD3-B72D-47B6-A68D-7590B98EB39B}
		{EC8A3466-552F-4692-894E-D5865DE2C953} = {0AB3BF05-4346-4AA6-1389-037BE0695223}
	EndGlobalSection
EndGlobal
